<?xml version="1.0" encoding="utf-8"?>
<Project ToolsVersion="4.0" xmlns="http://schemas.microsoft.com/developer/msbuild/2003">
  <ItemGroup>
    <Filter Include="Source Files">
      <UniqueIdentifier>{4FC737F1-C7A5-4376-A066-2A32D752A2FF}</UniqueIdentifier>
      <Extensions>cpp;c;cc;cxx;c++;cppm;ixx;def;odl;idl;hpj;bat;asm;asmx</Extensions>
    </Filter>
    <Filter Include="Header Files">
      <UniqueIdentifier>{93995380-89BD-4b04-88EB-625FBE52EBFB}</UniqueIdentifier>
      <Extensions>h;hh;hpp;hxx;h++;hm;inl;inc;ipp;xsd</Extensions>
    </Filter>
    <Filter Include="Resource Files">
      <UniqueIdentifier>{67DA6AB6-F800-4c08-8B7A-83BB121AAD01}</UniqueIdentifier>
      <Extensions>rc;ico;cur;bmp;dlg;rc2;rct;bin;rgs;gif;jpg;jpeg;jpe;resx;tiff;tif;png;wav;mfcribbon-ms</Extensions>
    </Filter>
    <Filter Include="Source Files\lib">
      <UniqueIdentifier>{f50c7267-6552-4fff-8f58-c785002fd182}</UniqueIdentifier>
    </Filter>
    <Filter Include="Source Files\minhook">
      <UniqueIdentifier>{5dddf79b-6881-4201-86be-303cf412a1f9}</UniqueIdentifier>
    </Filter>
    <Filter Include="Source Files\minhook\hde">
      <UniqueIdentifier>{c5d3b02d-bf89-429f-82d0-23d16ed7377a}</UniqueIdentifier>
    </Filter>
  </ItemGroup>
  <ItemGroup>
    <ClCompile Include="..\lib\src\any_hook_impl.cpp">
      <Filter>Source Files\lib</Filter>
    </ClCompile>
    <ClCompile Include="example.cpp">
      <Filter>Source Files</Filter>
    </ClCompile>
    <ClCompile Include="..\third-party\minhook\src\buffer.c">
      <Filter>Source Files\minhook</Filter>
    </ClCompile>
    <ClCompile Include="..\third-party\minhook\src\hook.c">
      <Filter>Source Files\minhook</Filter>
    </ClCompile>
    <ClCompile Include="..\third-party\minhook\src\trampoline.c">
      <Filter>Source Files\minhook</Filter>
    </ClCompile>
    <ClCompile Include="..\third-party\minhook\src\hde\hde32.c">
      <Filter>Source Files\minhook\hde</Filter>
    </ClCompile>
    <ClCompile Include="..\third-party\minhook\src\hde\hde64.c">
      <Filter>Source Files\minhook\hde</Filter>
    </ClCompile>
  </ItemGroup>
  <ItemGroup>
    <ClInclude Include="..\lib\src\any_hook_impl.h">
      <Filter>Source Files\lib</Filter>
    </ClInclude>
    <ClInclude Include="..\lib\include\any_hook.h">
      <Filter>Source Files\lib</Filter>
    </ClInclude>
    <ClInclude Include="..\third-party\minhook\src\buffer.h">
      <Filter>Source Files\minhook</Filter>
    </ClInclude>
    <ClInclude Include="..\third-party\minhook\src\trampoline.h">
      <Filter>Source Files\minhook</Filter>
    </ClInclude>
    <ClInclude Include="..\third-party\minhook\src\hde\hde32.h">
      <Filter>Source Files\minhook\hde</Filter>
    </ClInclude>
    <ClInclude Include="..\third-party\minhook\src\hde\hde64.h">
      <Filter>Source Files\minhook\hde</Filter>
    </ClInclude>
    <ClInclude Include="..\third-party\minhook\src\hde\pstdint.h">
      <Filter>Source Files\minhook\hde</Filter>
    </ClInclude>
    <ClInclude Include="..\third-party\minhook\src\hde\table32.h">
      <Filter>Source Files\minhook\hde</Filter>
    </ClInclude>
    <ClInclude Include="..\third-party\minhook\src\hde\table64.h">
      <Filter>Source Files\minhook\hde</Filter>
    </ClInclude>
  </ItemGroup>
  <ItemGroup>
    <MASM Include="..\lib\src\any_hook_stub64.asm">
      <Filter>Source Files\lib</Filter>
    </MASM>
  </ItemGroup>
</Project>